
Microsoft Visual Studio Solution File, Format Version 12.00
# Visual Studio Version 17
VisualStudioVersion = 17.4.33213.308
MinimumVisualStudioVersion = 10.0.40219.1
Project("{FAE04EC0-301F-11D3-BF4B-00C04F79EFBC}") = "UfaServer", "UfaServer.csproj", "{4C1D513F-E601-45D8-BCCF-AA8AAD0E3426}"
EndProject
Project("{FAE04EC0-301F-11D3-BF4B-00C04F79EFBC}") = "UfaVision", "..\UfaVision\UfaVision.csproj", "{88AD3D48-11A5-4350-8430-6C35CD85D49E}"
EndProject
Project("{FAE04EC0-301F-11D3-BF4B-00C04F79EFBC}") = "MvUtils", "..\MvUtils\MvUtils\MvUtils.csproj", "{BDB2ED5C-4A7F-4116-B5A0-1831A1EC0624}"
EndProject
Global
	GlobalSection(SolutionConfigurationPlatforms) = preSolution
		Debug|Any CPU = Debug|Any CPU
		Release|Any CPU = Release|Any CPU
		Remote|Any CPU = Remote|Any CPU
	EndGlobalSection
	GlobalSection(ProjectConfigurationPlatforms) = postSolution
		{4C1D513F-E601-45D8-BCCF-AA8AAD0E3426}.Debug|Any CPU.ActiveCfg = Debug|Any CPU
		{4C1D513F-E601-45D8-BCCF-AA8AAD0E3426}.Debug|Any CPU.Build.0 = Debug|Any CPU
		{4C1D513F-E601-45D8-BCCF-AA8AAD0E3426}.Release|Any CPU.ActiveCfg = Release|Any CPU
		{4C1D513F-E601-45D8-BCCF-AA8AAD0E3426}.Release|Any CPU.Build.0 = Release|Any CPU
		{4C1D513F-E601-45D8-BCCF-AA8AAD0E3426}.Remote|Any CPU.ActiveCfg = Remote|Any CPU
		{4C1D513F-E601-45D8-BCCF-AA8AAD0E3426}.Remote|Any CPU.Build.0 = Remote|Any CPU
		{88AD3D48-11A5-4350-8430-6C35CD85D49E}.Debug|Any CPU.ActiveCfg = Debug|Any CPU
		{88AD3D48-11A5-4350-8430-6C35CD85D49E}.Debug|Any CPU.Build.0 = Debug|Any CPU
		{88AD3D48-11A5-4350-8430-6C35CD85D49E}.Release|Any CPU.ActiveCfg = Release|Any CPU
		{88AD3D48-11A5-4350-8430-6C35CD85D49E}.Release|Any CPU.Build.0 = Release|Any CPU
		{88AD3D48-11A5-4350-8430-6C35CD85D49E}.Remote|Any CPU.ActiveCfg = Remote|Any CPU
		{88AD3D48-11A5-4350-8430-6C35CD85D49E}.Remote|Any CPU.Build.0 = Remote|Any CPU
		{BDB2ED5C-4A7F-4116-B5A0-1831A1EC0624}.Debug|Any CPU.ActiveCfg = Debug|Any CPU
		{BDB2ED5C-4A7F-4116-B5A0-1831A1EC0624}.Debug|Any CPU.Build.0 = Debug|Any CPU
		{BDB2ED5C-4A7F-4116-B5A0-1831A1EC0624}.Release|Any CPU.ActiveCfg = Release|Any CPU
		{BDB2ED5C-4A7F-4116-B5A0-1831A1EC0624}.Release|Any CPU.Build.0 = Release|Any CPU
		{BDB2ED5C-4A7F-4116-B5A0-1831A1EC0624}.Remote|Any CPU.ActiveCfg = Remote|Any CPU
		{BDB2ED5C-4A7F-4116-B5A0-1831A1EC0624}.Remote|Any CPU.Build.0 = Remote|Any CPU
	EndGlobalSection
	GlobalSection(SolutionProperties) = preSolution
		HideSolutionNode = FALSE
	EndGlobalSection
	GlobalSection(ExtensibilityGlobals) = postSolution
		SolutionGuid = {8EE51FC7-28F0-4C84-A873-DBCC81A4413A}
	EndGlobalSection
EndGlobal
